// !$*UTF8*$!
{
	archiveVersion = 1;
	classes = {
	};
	objectVersion = 50;
	objects = {

/* Begin PBXBuildFile section */
		E142735E214EF0640008CC92 /* AppDelegate.swift in Sources */ = {isa = PBXBuildFile; fileRef = E142735D214EF0640008CC92 /* AppDelegate.swift */; };
		E1427363214EF0640008CC92 /* Main.storyboard in Resources */ = {isa = PBXBuildFile; fileRef = E1427361214EF0640008CC92 /* Main.storyboard */; };
		E1427365214EF06B0008CC92 /* Assets.xcassets in Resources */ = {isa = PBXBuildFile; fileRef = E1427364214EF06B0008CC92 /* Assets.xcassets */; };
		E1427368214EF06B0008CC92 /* LaunchScreen.storyboard in Resources */ = {isa = PBXBuildFile; fileRef = E1427366214EF06B0008CC92 /* LaunchScreen.storyboard */; };
		E1427375214EF2440008CC92 /* TabBarController.swift in Sources */ = {isa = PBXBuildFile; fileRef = E1427374214EF2440008CC92 /* TabBarController.swift */; };
		E1427378214EF3060008CC92 /* RedViewController.swift in Sources */ = {isa = PBXBuildFile; fileRef = E1427377214EF3060008CC92 /* RedViewController.swift */; };
		E142737A214EF3170008CC92 /* BlueViewController.swift in Sources */ = {isa = PBXBuildFile; fileRef = E1427379214EF3170008CC92 /* BlueViewController.swift */; };
		E142737C214EF3210008CC92 /* GreenViewController.swift in Sources */ = {isa = PBXBuildFile; fileRef = E142737B214EF3210008CC92 /* GreenViewController.swift */; };
		E142737E214EFB960008CC92 /* Blue.storyboard in Resources */ = {isa = PBXBuildFile; fileRef = E142737D214EFB960008CC92 /* Blue.storyboard */; };
		E1427381214EFD730008CC92 /* ApplicationManager.swift in Sources */ = {isa = PBXBuildFile; fileRef = E1427380214EFD730008CC92 /* ApplicationManager.swift */; };
		E1427384214EFE630008CC92 /* GreenViewModel.swift in Sources */ = {isa = PBXBuildFile; fileRef = E1427383214EFE630008CC92 /* GreenViewModel.swift */; };
/* End PBXBuildFile section */

/* Begin PBXFileReference section */
		E142735A214EF0640008CC92 /* TabBarDependencyInjection.app */ = {isa = PBXFileReference; explicitFileType = wrapper.application; includeInIndex = 0; path = TabBarDependencyInjection.app; sourceTree = BUILT_PRODUCTS_DIR; };
		E142735D214EF0640008CC92 /* AppDelegate.swift */ = {isa = PBXFileReference; lastKnownFileType = sourcecode.swift; path = AppDelegate.swift; sourceTree = "<group>"; };
		E1427362214EF0640008CC92 /* Base */ = {isa = PBXFileReference; lastKnownFileType = file.storyboard; name = Base; path = Base.lproj/Main.storyboard; sourceTree = "<group>"; };
		E1427364214EF06B0008CC92 /* Assets.xcassets */ = {isa = PBXFileReference; lastKnownFileType = folder.assetcatalog; path = Assets.xcassets; sourceTree = "<group>"; };
		E1427367214EF06B0008CC92 /* Base */ = {isa = PBXFileReference; lastKnownFileType = file.storyboard; name = Base; path = Base.lproj/LaunchScreen.storyboard; sourceTree = "<group>"; };
		E1427369214EF06B0008CC92 /* Info.plist */ = {isa = PBXFileReference; lastKnownFileType = text.plist.xml; path = Info.plist; sourceTree = "<group>"; };
		E1427374214EF2440008CC92 /* TabBarController.swift */ = {isa = PBXFileReference; lastKnownFileType = sourcecode.swift; path = TabBarController.swift; sourceTree = "<group>"; };
		E1427377214EF3060008CC92 /* RedViewController.swift */ = {isa = PBXFileReference; lastKnownFileType = sourcecode.swift; path = RedViewController.swift; sourceTree = "<group>"; };
		E1427379214EF3170008CC92 /* BlueViewController.swift */ = {isa = PBXFileReference; lastKnownFileType = sourcecode.swift; path = BlueViewController.swift; sourceTree = "<group>"; };
		E142737B214EF3210008CC92 /* GreenViewController.swift */ = {isa = PBXFileReference; lastKnownFileType = sourcecode.swift; path = GreenViewController.swift; sourceTree = "<group>"; };
		E142737D214EFB960008CC92 /* Blue.storyboard */ = {isa = PBXFileReference; lastKnownFileType = file.storyboard; path = Blue.storyboard; sourceTree = "<group>"; };
		E1427380214EFD730008CC92 /* ApplicationManager.swift */ = {isa = PBXFileReference; lastKnownFileType = sourcecode.swift; path = ApplicationManager.swift; sourceTree = "<group>"; };
		E1427383214EFE630008CC92 /* GreenViewModel.swift */ = {isa = PBXFileReference; lastKnownFileType = sourcecode.swift; path = GreenViewModel.swift; sourceTree = "<group>"; };
/* End PBXFileReference section */

/* Begin PBXFrameworksBuildPhase section */
		E1427357214EF0640008CC92 /* Frameworks */ = {
			isa = PBXFrameworksBuildPhase;
			buildActionMask = 2147483647;
			files = (
			);
			runOnlyForDeploymentPostprocessing = 0;
		};
/* End PBXFrameworksBuildPhase section */

/* Begin PBXGroup section */
		E1427351214EF0640008CC92 = {
			isa = PBXGroup;
			children = (
				E142735C214EF0640008CC92 /* TabBarDependencyInjection */,
				E142735B214EF0640008CC92 /* Products */,
			);
			sourceTree = "<group>";
		};
		E142735B214EF0640008CC92 /* Products */ = {
			isa = PBXGroup;
			children = (
				E142735A214EF0640008CC92 /* TabBarDependencyInjection.app */,
			);
			name = Products;
			sourceTree = "<group>";
		};
		E142735C214EF0640008CC92 /* TabBarDependencyInjection */ = {
			isa = PBXGroup;
			children = (
				E142736F214EF11C0008CC92 /* Appllication Delegate */,
				E1427373214EF1A70008CC92 /* View Controllers */,
				E1427372214EF1980008CC92 /* Storyboards */,
				E142737F214EFD590008CC92 /* Managers */,
				E1427370214EF14E0008CC92 /* Resources */,
				E1427371214EF17A0008CC92 /* Supporting Files */,
			);
			path = TabBarDependencyInjection;
			sourceTree = "<group>";
		};
		E142736F214EF11C0008CC92 /* Appllication Delegate */ = {
			isa = PBXGroup;
			children = (
				E142735D214EF0640008CC92 /* AppDelegate.swift */,
			);
			path = "Appllication Delegate";
			sourceTree = "<group>";
		};
		E1427370214EF14E0008CC92 /* Resources */ = {
			isa = PBXGroup;
			children = (
				E1427364214EF06B0008CC92 /* Assets.xcassets */,
			);
			path = Resources;
			sourceTree = "<group>";
		};
		E1427371214EF17A0008CC92 /* Supporting Files */ = {
			isa = PBXGroup;
			children = (
				E1427369214EF06B0008CC92 /* Info.plist */,
			);
			path = "Supporting Files";
			sourceTree = "<group>";
		};
		E1427372214EF1980008CC92 /* Storyboards */ = {
			isa = PBXGroup;
			children = (
				E1427361214EF0640008CC92 /* Main.storyboard */,
				E142737D214EFB960008CC92 /* Blue.storyboard */,
				E1427366214EF06B0008CC92 /* LaunchScreen.storyboard */,
			);
			path = Storyboards;
			sourceTree = "<group>";
		};
		E1427373214EF1A70008CC92 /* View Controllers */ = {
			isa = PBXGroup;
			children = (
				E1427374214EF2440008CC92 /* TabBarController.swift */,
				E1427376214EF2D40008CC92 /* Child View Controllers */,
			);
			path = "View Controllers";
			sourceTree = "<group>";
		};
		E1427376214EF2D40008CC92 /* Child View Controllers */ = {
			isa = PBXGroup;
			children = (
				E1427377214EF3060008CC92 /* RedViewController.swift */,
				E1427379214EF3170008CC92 /* BlueViewController.swift */,
				E142737B214EF3210008CC92 /* GreenViewController.swift */,
				E1427382214EFE4C0008CC92 /* View Models */,
			);
			path = "Child View Controllers";
			sourceTree = "<group>";
		};
		E142737F214EFD590008CC92 /* Managers */ = {
			isa = PBXGroup;
			children = (
				E1427380214EFD730008CC92 /* ApplicationManager.swift */,
			);
			path = Managers;
			sourceTree = "<group>";
		};
		E1427382214EFE4C0008CC92 /* View Models */ = {
			isa = PBXGroup;
			children = (
				E1427383214EFE630008CC92 /* GreenViewModel.swift */,
			);
			path = "View Models";
			sourceTree = "<group>";
		};
/* End PBXGroup section */

/* Begin PBXNativeTarget section */
		E1427359214EF0640008CC92 /* TabBarDependencyInjection */ = {
			isa = PBXNativeTarget;
			buildConfigurationList = E142736C214EF06B0008CC92 /* Build configuration list for PBXNativeTarget "TabBarDependencyInjection" */;
			buildPhases = (
				E1427356214EF0640008CC92 /* Sources */,
				E1427357214EF0640008CC92 /* Frameworks */,
				E1427358214EF0640008CC92 /* Resources */,
			);
			buildRules = (
			);
			dependencies = (
			);
			name = TabBarDependencyInjection;
			productName = TabBarDependencyInjection;
			productReference = E142735A214EF0640008CC92 /* TabBarDependencyInjection.app */;
			productType = "com.apple.product-type.application";
		};
/* End PBXNativeTarget section */

/* Begin PBXProject section */
		E1427352214EF0640008CC92 /* Project object */ = {
			isa = PBXProject;
			attributes = {
				LastSwiftUpdateCheck = 0940;
				LastUpgradeCheck = 0940;
				ORGANIZATIONNAME = "Dennis Vera";
				TargetAttributes = {
					E1427359214EF0640008CC92 = {
						CreatedOnToolsVersion = 9.4.1;
					};
				};
			};
			buildConfigurationList = E1427355214EF0640008CC92 /* Build configuration list for PBXProject "TabBarDependencyInjection" */;
			compatibilityVersion = "Xcode 9.3";
			developmentRegion = en;
			hasScannedForEncodings = 0;
			knownRegions = (
				en,
				Base,
			);
			mainGroup = E1427351214EF0640008CC92;
			productRefGroup = E142735B214EF0640008CC92 /* Products */;
			projectDirPath = "";
			projectRoot = "";
			targets = (
				E1427359214EF0640008CC92 /* TabBarDependencyInjection */,
			);
		};
/* End PBXProject section */

/* Begin PBXResourcesBuildPhase section */
		E1427358214EF0640008CC92 /* Resources */ = {
			isa = PBXResourcesBuildPhase;
			buildActionMask = 2147483647;
			files = (
				E1427368214EF06B0008CC92 /* LaunchScreen.storyboard in Resources */,
				E1427365214EF06B0008CC92 /* Assets.xcassets in Resources */,
				E142737E214EFB960008CC92 /* Blue.storyboard in Resources */,
				E1427363214EF0640008CC92 /* Main.storyboard in Resources */,
			);
			runOnlyForDeploymentPostprocessing = 0;
		};
/* End PBXResourcesBuildPhase section */

/* Begin PBXSourcesBuildPhase section */
		E1427356214EF0640008CC92 /* Sources */ = {
			isa = PBXSourcesBuildPhase;
			buildActionMask = 2147483647;
			files = (
				E1427384214EFE630008CC92 /* GreenViewModel.swift in Sources */,
				E1427381214EFD730008CC92 /* ApplicationManager.swift in Sources */,
				E142735E214EF0640008CC92 /* AppDelegate.swift in Sources */,
				E1427378214EF3060008CC92 /* RedViewController.swift in Sources */,
				E142737A214EF3170008CC92 /* BlueViewController.swift in Sources */,
				E1427375214EF2440008CC92 /* TabBarController.swift in Sources */,
				E142737C214EF3210008CC92 /* GreenViewController.swift in Sources */,
			);
			runOnlyForDeploymentPostprocessing = 0;
		};
/* End PBXSourcesBuildPhase section */

/* Begin PBXVariantGroup section */
		E1427361214EF0640008CC92 /* Main.storyboard */ = {
			isa = PBXVariantGroup;
			children = (
				E1427362214EF0640008CC92 /* Base */,
			);
			name = Main.storyboard;
			sourceTree = "<group>";
		};
		E1427366214EF06B0008CC92 /* LaunchScreen.storyboard */ = {
			isa = PBXVariantGroup;
			children = (
				E1427367214EF06B0008CC92 /* Base */,
			);
			name = LaunchScreen.storyboard;
			sourceTree = "<group>";
		};
/* End PBXVariantGroup section */

/* Begin XCBuildConfiguration section */
		E142736A214EF06B0008CC92 /* Debug */ = {
			isa = XCBuildConfiguration;
			buildSettings = {
				ALWAYS_SEARCH_USER_PATHS = NO;
				CLANG_ANALYZER_NONNULL = YES;
				CLANG_ANALYZER_NUMBER_OBJECT_CONVERSION = YES_AGGRESSIVE;
				CLANG_CXX_LANGUAGE_STANDARD = "gnu++14";
				CLANG_CXX_LIBRARY = "libc++";
				CLANG_ENABLE_MODULES = YES;
				CLANG_ENABLE_OBJC_ARC = YES;
				CLANG_ENABLE_OBJC_WEAK = YES;
				CLANG_WARN_BLOCK_CAPTURE_AUTORELEASING = YES;
				CLANG_WARN_BOOL_CONVERSION = YES;
				CLANG_WARN_COMMA = YES;
				CLANG_WARN_CONSTANT_CONVERSION = YES;
				CLANG_WARN_DEPRECATED_OBJC_IMPLEMENTATIONS = YES;
				CLANG_WARN_DIRECT_OBJC_ISA_USAGE = YES_ERROR;
				CLANG_WARN_DOCUMENTATION_COMMENTS = YES;
				CLANG_WARN_EMPTY_BODY = YES;
				CLANG_WARN_ENUM_CONVERSION = YES;
				CLANG_WARN_INFINITE_RECURSION = YES;
				CLANG_WARN_INT_CONVERSION = YES;
				CLANG_WARN_NON_LITERAL_NULL_CONVERSION = YES;
				CLANG_WARN_OBJC_IMPLICIT_RETAIN_SELF = YES;
				CLANG_WARN_OBJC_LITERAL_CONVERSION = YES;
				CLANG_WARN_OBJC_ROOT_CLASS = YES_ERROR;
				CLANG_WARN_RANGE_LOOP_ANALYSIS = YES;
				CLANG_WARN_STRICT_PROTOTYPES = YES;
				CLANG_WARN_SUSPICIOUS_MOVE = YES;
				CLANG_WARN_UNGUARDED_AVAILABILITY = YES_AGGRESSIVE;
				CLANG_WARN_UNREACHABLE_CODE = YES;
				CLANG_WARN__DUPLICATE_METHOD_MATCH = YES;
				CODE_SIGN_IDENTITY = "iPhone Developer";
				COPY_PHASE_STRIP = NO;
				DEBUG_INFORMATION_FORMAT = dwarf;
				ENABLE_STRICT_OBJC_MSGSEND = YES;
				ENABLE_TESTABILITY = YES;
				GCC_C_LANGUAGE_STANDARD = gnu11;
				GCC_DYNAMIC_NO_PIC = NO;
				GCC_NO_COMMON_BLOCKS = YES;
				GCC_OPTIMIZATION_LEVEL = 0;
				GCC_PREPROCESSOR_DEFINITIONS = (
					"DEBUG=1",
					"$(inherited)",
				);
				GCC_WARN_64_TO_32_BIT_CONVERSION = YES;
				GCC_WARN_ABOUT_RETURN_TYPE = YES_ERROR;
				GCC_WARN_UNDECLARED_SELECTOR = YES;
				GCC_WARN_UNINITIALIZED_AUTOS = YES_AGGRESSIVE;
				GCC_WARN_UNUSED_FUNCTION = YES;
				GCC_WARN_UNUSED_VARIABLE = YES;
				IPHONEOS_DEPLOYMENT_TARGET = 11.4;
				MTL_ENABLE_DEBUG_INFO = YES;
				ONLY_ACTIVE_ARCH = YES;
				SDKROOT = iphoneos;
				SWIFT_ACTIVE_COMPILATION_CONDITIONS = DEBUG;
				SWIFT_OPTIMIZATION_LEVEL = "-Onone";
			};
			name = Debug;
		};
		E142736B214EF06B0008CC92 /* Release */ = {
			isa = XCBuildConfiguration;
			buildSettings = {
				ALWAYS_SEARCH_USER_PATHS = NO;
				CLANG_ANALYZER_NONNULL = YES;
				CLANG_ANALYZER_NUMBER_OBJECT_CONVERSION = YES_AGGRESSIVE;
				CLANG_CXX_LANGUAGE_STANDARD = "gnu++14";
				CLANG_CXX_LIBRARY = "libc++";
				CLANG_ENABLE_MODULES = YES;
				CLANG_ENABLE_OBJC_ARC = YES;
				CLANG_ENABLE_OBJC_WEAK = YES;
				CLANG_WARN_BLOCK_CAPTURE_AUTORELEASING = YES;
				CLANG_WARN_BOOL_CONVERSION = YES;
				CLANG_WARN_COMMA = YES;
				CLANG_WARN_CONSTANT_CONVERSION = YES;
				CLANG_WARN_DEPRECATED_OBJC_IMPLEMENTATIONS = YES;
				CLANG_WARN_DIRECT_OBJC_ISA_USAGE = YES_ERROR;
				CLANG_WARN_DOCUMENTATION_COMMENTS = YES;
				CLANG_WARN_EMPTY_BODY = YES;
				CLANG_WARN_ENUM_CONVERSION = YES;
				CLANG_WARN_INFINITE_RECURSION = YES;
				CLANG_WARN_INT_CONVERSION = YES;
				CLANG_WARN_NON_LITERAL_NULL_CONVERSION = YES;
				CLANG_WARN_OBJC_IMPLICIT_RETAIN_SELF = YES;
				CLANG_WARN_OBJC_LITERAL_CONVERSION = YES;
				CLANG_WARN_OBJC_ROOT_CLASS = YES_ERROR;
				CLANG_WARN_RANGE_LOOP_ANALYSIS = YES;
				CLANG_WARN_STRICT_PROTOTYPES = YES;
				CLANG_WARN_SUSPICIOUS_MOVE = YES;
				CLANG_WARN_UNGUARDED_AVAILABILITY = YES_AGGRESSIVE;
				CLANG_WARN_UNREACHABLE_CODE = YES;
				CLANG_WARN__DUPLICATE_METHOD_MATCH = YES;
				CODE_SIGN_IDENTITY = "iPhone Developer";
				COPY_PHASE_STRIP = NO;
				DEBUG_INFORMATION_FORMAT = "dwarf-with-dsym";
				ENABLE_NS_ASSERTIONS = NO;
				ENABLE_STRICT_OBJC_MSGSEND = YES;
				GCC_C_LANGUAGE_STANDARD = gnu11;
				GCC_NO_COMMON_BLOCKS = YES;
				GCC_WARN_64_TO_32_BIT_CONVERSION = YES;
				GCC_WARN_ABOUT_RETURN_TYPE = YES_ERROR;
				GCC_WARN_UNDECLARED_SELECTOR = YES;
				GCC_WARN_UNINITIALIZED_AUTOS = YES_AGGRESSIVE;
				GCC_WARN_UNUSED_FUNCTION = YES;
				GCC_WARN_UNUSED_VARIABLE = YES;
				IPHONEOS_DEPLOYMENT_TARGET = 11.4;
				MTL_ENABLE_DEBUG_INFO = NO;
				SDKROOT = iphoneos;
				SWIFT_COMPILATION_MODE = wholemodule;
				SWIFT_OPTIMIZATION_LEVEL = "-O";
				VALIDATE_PRODUCT = YES;
			};
			name = Release;
		};
		E142736D214EF06B0008CC92 /* Debug */ = {
			isa = XCBuildConfiguration;
			buildSettings = {
				ASSETCATALOG_COMPILER_APPICON_NAME = AppIcon;
				CODE_SIGN_STYLE = Automatic;
				DEVELOPMENT_TEAM = K24N6NL7FA;
				INFOPLIST_FILE = "$(SRCROOT)/TabBarDependencyInjection/Supporting Files/Info.plist";
				LD_RUNPATH_SEARCH_PATHS = (
					"$(inherited)",
					"@executable_path/Frameworks",
				);
				PRODUCT_BUNDLE_IDENTIFIER = dennisvera.TabBarDependencyInjection;
				PRODUCT_NAME = "$(TARGET_NAME)";
				SWIFT_VERSION = 4.0;
				TARGETED_DEVICE_FAMILY = "1,2";
			};
			name = Debug;
		};
		E142736E214EF06B0008CC92 /* Release */ = {
			isa = XCBuildConfiguration;
			buildSettings = {
				ASSETCATALOG_COMPILER_APPICON_NAME = AppIcon;
				CODE_SIGN_STYLE = Automatic;
				DEVELOPMENT_TEAM = K24N6NL7FA;
				INFOPLIST_FILE = "$(SRCROOT)/TabBarDependencyInjection/Supporting Files/Info.plist";
				LD_RUNPATH_SEARCH_PATHS = (
					"$(inherited)",
					"@executable_path/Frameworks",
				);
				PRODUCT_BUNDLE_IDENTIFIER = dennisvera.TabBarDependencyInjection;
				PRODUCT_NAME = "$(TARGET_NAME)";
				SWIFT_VERSION = 4.0;
				TARGETED_DEVICE_FAMILY = "1,2";
			};
			name = Release;
		};
/* End XCBuildConfiguration section */

/* Begin XCConfigurationList section */
		E1427355214EF0640008CC92 /* Build configuration list for PBXProject "TabBarDependencyInjection" */ = {
			isa = XCConfigurationList;
			buildConfigurations = (
				E142736A214EF06B0008CC92 /* Debug */,
				E142736B214EF06B0008CC92 /* Release */,
			);
			defaultConfigurationIsVisible = 0;
			defaultConfigurationName = Release;
		};
		E142736C214EF06B0008CC92 /* Build configuration list for PBXNativeTarget "TabBarDependencyInjection" */ = {
			isa = XCConfigurationList;
			buildConfigurations = (
				E142736D214EF06B0008CC92 /* Debug */,
				E142736E214EF06B0008CC92 /* Release */,
			);
			defaultConfigurationIsVisible = 0;
			defaultConfigurationName = Release;
		};
/* End XCConfigurationList section */
	};
	rootObject = E1427352214EF0640008CC92 /* Project object */;
}
